{
  "originHash" : "5d8e70c5ae2bfdb72112a10de43445f56c7450971a01d81046bef304e79bff0d",
  "pins" : [
    {
      "identity" : "efqrcode",
      "kind" : "remoteSourceControl",
      "location" : "https://github.com/EFPrefix/EFQRCode",
      "state" : {
        "revision" : "3a6c5012f1a0df404a92e55bb01b4b685ff5a2d1",
        "version" : "6.2.2"
      }
    },
    {
      "identity" : "swift_qrcodejs",
      "kind" : "remoteSourceControl",
      "location" : "https://github.com/EFPrefix/swift_qrcodejs.git",
      "state" : {
        "revision" : "817ba220a2eba840bae888e7eeb11207bec05f8c",
        "version" : "2.3.0"
      }
    }
  ],
  "version" : 3
}
